
Microsoft Visual Studio Solution File, Format Version 12.00
# Visual Studio Version 17
VisualStudioVersion = 17.14.36915.13
MinimumVisualStudioVersion = 10.0.40219.1
Project("{FAE04EC0-301F-11D3-BF4B-00C04F79EFBC}") = "GymManagment", "GymManagment\GymManagment.csproj", "{64714649-94B6-4D10-8A18-F0E039DD7EE1}"
EndProject
Global
	GlobalSection(SolutionConfigurationPlatforms) = preSolution
		Debug|Any CPU = Debug|Any CPU
		Release|Any CPU = Release|Any CPU
	EndGlobalSection
	GlobalSection(ProjectConfigurationPlatforms) = postSolution
		{64714649-94B6-4D10-8A18-F0E039DD7EE1}.Debug|Any CPU.ActiveCfg = Debug|Any CPU
		{64714649-94B6-4D10-8A18-F0E039DD7EE1}.Debug|Any CPU.Build.0 = Debug|Any CPU
		{64714649-94B6-4D10-8A18-F0E039DD7EE1}.Release|Any CPU.ActiveCfg = Release|Any CPU
		{64714649-94B6-4D10-8A18-F0E039DD7EE1}.Release|Any CPU.Build.0 = Release|Any CPU
	EndGlobalSection
	GlobalSection(SolutionProperties) = preSolution
		HideSolutionNode = FALSE
	EndGlobalSection
	GlobalSection(ExtensibilityGlobals) = postSolution
		SolutionGuid = {4A7841AB-BB1B-4134-9D96-E8A593466DAB}
	EndGlobalSection
EndGlobal
